
Microsoft Visual Studio Solution File, Format Version 12.00
# Visual Studio Version 16
VisualStudioVersion = 16.0.30011.22
MinimumVisualStudioVersion = 10.0.40219.1
Project("{FAE04EC0-301F-11D3-BF4B-00C04F79EFBC}") = "neh", "neh\neh.csproj", "{D2D8F4B6-E421-4ADA-967C-174F2BBE3013}"
EndProject
Global
	GlobalSection(SolutionConfigurationPlatforms) = preSolution
		Debug|Any CPU = Debug|Any CPU
		Release|Any CPU = Release|Any CPU
	EndGlobalSection
	GlobalSection(ProjectConfigurationPlatforms) = postSolution
		{D2D8F4B6-E421-4ADA-967C-174F2BBE3013}.Debug|Any CPU.ActiveCfg = Debug|Any CPU
		{D2D8F4B6-E421-4ADA-967C-174F2BBE3013}.Debug|Any CPU.Build.0 = Debug|Any CPU
		{D2D8F4B6-E421-4ADA-967C-174F2BBE3013}.Release|Any CPU.ActiveCfg = Release|Any CPU
		{D2D8F4B6-E421-4ADA-967C-174F2BBE3013}.Release|Any CPU.Build.0 = Release|Any CPU
	EndGlobalSection
	GlobalSection(SolutionProperties) = preSolution
		HideSolutionNode = FALSE
	EndGlobalSection
	GlobalSection(ExtensibilityGlobals) = postSolution
		SolutionGuid = {22C63A4B-D34A-4070-A551-CD2EBACFD764}
	EndGlobalSection
EndGlobal
