
Microsoft Visual Studio Solution File, Format Version 12.00
# Visual Studio Version 16
VisualStudioVersion = 16.0.29911.84
MinimumVisualStudioVersion = 10.0.40219.1
Project("{FAE04EC0-301F-11D3-BF4B-00C04F79EFBC}") = "Carlier", "Carlier\Carlier.csproj", "{6F4F205F-D1C9-495C-9196-9FB474906D9C}"
EndProject
Global
	GlobalSection(SolutionConfigurationPlatforms) = preSolution
		Debug|Any CPU = Debug|Any CPU
		Release|Any CPU = Release|Any CPU
	EndGlobalSection
	GlobalSection(ProjectConfigurationPlatforms) = postSolution
		{6F4F205F-D1C9-495C-9196-9FB474906D9C}.Debug|Any CPU.ActiveCfg = Debug|Any CPU
		{6F4F205F-D1C9-495C-9196-9FB474906D9C}.Debug|Any CPU.Build.0 = Debug|Any CPU
		{6F4F205F-D1C9-495C-9196-9FB474906D9C}.Release|Any CPU.ActiveCfg = Release|Any CPU
		{6F4F205F-D1C9-495C-9196-9FB474906D9C}.Release|Any CPU.Build.0 = Release|Any CPU
	EndGlobalSection
	GlobalSection(SolutionProperties) = preSolution
		HideSolutionNode = FALSE
	EndGlobalSection
	GlobalSection(ExtensibilityGlobals) = postSolution
		SolutionGuid = {F626D6CE-E0E0-4277-A71D-2BA28A16C870}
	EndGlobalSection
EndGlobal
